
Microsoft Visual Studio Solution File, Format Version 12.00
# Visual Studio Version 16
VisualStudioVersion = 16.0.30503.244
MinimumVisualStudioVersion = 10.0.40219.1
Project("{9A19103F-16F7-4668-BE54-9A1E7A4F7556}") = "BaiTap1", "BaiTap1\BaiTap1.csproj", "{7A830195-E3DC-4146-9633-74ECB81D53C8}"
EndProject
Project("{9A19103F-16F7-4668-BE54-9A1E7A4F7556}") = "BaiTap2", "BaiTap2\BaiTap2.csproj", "{BEA6D1C4-4EAF-44A9-AC0F-E21AE33CAAC5}"
EndProject
Project("{9A19103F-16F7-4668-BE54-9A1E7A4F7556}") = "BaiTap3", "BaiTap3\BaiTap3.csproj", "{CB12CFD7-AA4C-486D-AA09-E0AFCF642C6F}"
EndProject
Project("{9A19103F-16F7-4668-BE54-9A1E7A4F7556}") = "BaiTap4", "BaiTap4\BaiTap4.csproj", "{9E490646-08C9-4824-A0A8-87D4F2A52B40}"
EndProject
Project("{9A19103F-16F7-4668-BE54-9A1E7A4F7556}") = "BaiTap6", "BaiTap6\BaiTap6.csproj", "{380952C8-A66D-4646-AC74-5375B0214E19}"
EndProject
Project("{9A19103F-16F7-4668-BE54-9A1E7A4F7556}") = "BaiTap5", "BaiTap5\BaiTap5.csproj", "{E882613E-9D02-459D-99E4-0D89271A048B}"
EndProject
Project("{9A19103F-16F7-4668-BE54-9A1E7A4F7556}") = "BaiTap7", "BaiTap7\BaiTap7.csproj", "{6E32CAD6-6AEE-4F73-833D-7D0F9AE6E6BB}"
EndProject
Project("{9A19103F-16F7-4668-BE54-9A1E7A4F7556}") = "BaiTap8", "BaiTap8\BaiTap8.csproj", "{72CDD334-3FD6-4279-ADF7-886F412FB0E3}"
EndProject
Project("{9A19103F-16F7-4668-BE54-9A1E7A4F7556}") = "BaiTap9", "BaiTap9\BaiTap9.csproj", "{B487D630-8255-47B5-8F1A-51DC1E71A3C4}"
EndProject
Project("{9A19103F-16F7-4668-BE54-9A1E7A4F7556}") = "BaiTap10", "BaiTap10\BaiTap10.csproj", "{688B6097-E3B6-4018-9AE9-D61009B66537}"
EndProject
Project("{9A19103F-16F7-4668-BE54-9A1E7A4F7556}") = "BaiTap11", "BaiTap11\BaiTap11.csproj", "{1806BAA2-92F9-4026-8E23-56611B77F5C1}"
EndProject
Project("{9A19103F-16F7-4668-BE54-9A1E7A4F7556}") = "BaiTap12", "BaiTap12\BaiTap12.csproj", "{E8CD8123-C0C4-45F2-9F79-5A57D7F18303}"
EndProject
Project("{9A19103F-16F7-4668-BE54-9A1E7A4F7556}") = "BaiTap13", "BaiTap13\BaiTap13.csproj", "{9E0B7282-A610-4EEF-8AE3-9DAB57B028DE}"
EndProject
Project("{9A19103F-16F7-4668-BE54-9A1E7A4F7556}") = "BaiTap14", "BaiTap14\BaiTap14.csproj", "{F6AD8132-39FF-4624-A049-483593370143}"
EndProject
Project("{9A19103F-16F7-4668-BE54-9A1E7A4F7556}") = "BaiTap15", "BaiTap15\BaiTap15.csproj", "{955044D3-1DBA-4434-B417-6BA3CDD7605D}"
EndProject
Project("{9A19103F-16F7-4668-BE54-9A1E7A4F7556}") = "BaiTap16", "BaiTap16\BaiTap16.csproj", "{D35CEDD2-3EB8-4387-A687-B8B8B684411D}"
EndProject
Project("{9A19103F-16F7-4668-BE54-9A1E7A4F7556}") = "BaiTap17", "BaiTap17\BaiTap17.csproj", "{7DE344B7-6BE9-4848-AB3D-033F80038C2E}"
EndProject
Project("{9A19103F-16F7-4668-BE54-9A1E7A4F7556}") = "BaiTap18", "BaiTap18\BaiTap18.csproj", "{8ED95830-3531-4A5C-AEA8-09B042C6C2B3}"
EndProject
Project("{9A19103F-16F7-4668-BE54-9A1E7A4F7556}") = "CaseProblems_BaiTap1", "CaseProblems_BaiTap1\CaseProblems_BaiTap1.csproj", "{5AF717A4-42DE-4719-B155-9A60699CBB8A}"
EndProject
Project("{FAE04EC0-301F-11D3-BF4B-00C04F79EFBC}") = "CaseProblems_BaiTap2", "CaseProblems_BaiTap2\CaseProblems_BaiTap2.csproj", "{62DEC880-20AA-4963-900D-2BE258200F7F}"
EndProject
Global
	GlobalSection(SolutionConfigurationPlatforms) = preSolution
		Debug|Any CPU = Debug|Any CPU
		Release|Any CPU = Release|Any CPU
	EndGlobalSection
	GlobalSection(ProjectConfigurationPlatforms) = postSolution
		{7A830195-E3DC-4146-9633-74ECB81D53C8}.Debug|Any CPU.ActiveCfg = Debug|Any CPU
		{7A830195-E3DC-4146-9633-74ECB81D53C8}.Debug|Any CPU.Build.0 = Debug|Any CPU
		{7A830195-E3DC-4146-9633-74ECB81D53C8}.Release|Any CPU.ActiveCfg = Release|Any CPU
		{7A830195-E3DC-4146-9633-74ECB81D53C8}.Release|Any CPU.Build.0 = Release|Any CPU
		{BEA6D1C4-4EAF-44A9-AC0F-E21AE33CAAC5}.Debug|Any CPU.ActiveCfg = Debug|Any CPU
		{BEA6D1C4-4EAF-44A9-AC0F-E21AE33CAAC5}.Debug|Any CPU.Build.0 = Debug|Any CPU
		{BEA6D1C4-4EAF-44A9-AC0F-E21AE33CAAC5}.Release|Any CPU.ActiveCfg = Release|Any CPU
		{BEA6D1C4-4EAF-44A9-AC0F-E21AE33CAAC5}.Release|Any CPU.Build.0 = Release|Any CPU
		{CB12CFD7-AA4C-486D-AA09-E0AFCF642C6F}.Debug|Any CPU.ActiveCfg = Debug|Any CPU
		{CB12CFD7-AA4C-486D-AA09-E0AFCF642C6F}.Debug|Any CPU.Build.0 = Debug|Any CPU
		{CB12CFD7-AA4C-486D-AA09-E0AFCF642C6F}.Release|Any CPU.ActiveCfg = Release|Any CPU
		{CB12CFD7-AA4C-486D-AA09-E0AFCF642C6F}.Release|Any CPU.Build.0 = Release|Any CPU
		{9E490646-08C9-4824-A0A8-87D4F2A52B40}.Debug|Any CPU.ActiveCfg = Debug|Any CPU
		{9E490646-08C9-4824-A0A8-87D4F2A52B40}.Debug|Any CPU.Build.0 = Debug|Any CPU
		{9E490646-08C9-4824-A0A8-87D4F2A52B40}.Release|Any CPU.ActiveCfg = Release|Any CPU
		{9E490646-08C9-4824-A0A8-87D4F2A52B40}.Release|Any CPU.Build.0 = Release|Any CPU
		{380952C8-A66D-4646-AC74-5375B0214E19}.Debug|Any CPU.ActiveCfg = Debug|Any CPU
		{380952C8-A66D-4646-AC74-5375B0214E19}.Debug|Any CPU.Build.0 = Debug|Any CPU
		{380952C8-A66D-4646-AC74-5375B0214E19}.Release|Any CPU.ActiveCfg = Release|Any CPU
		{380952C8-A66D-4646-AC74-5375B0214E19}.Release|Any CPU.Build.0 = Release|Any CPU
		{E882613E-9D02-459D-99E4-0D89271A048B}.Debug|Any CPU.ActiveCfg = Debug|Any CPU
		{E882613E-9D02-459D-99E4-0D89271A048B}.Debug|Any CPU.Build.0 = Debug|Any CPU
		{E882613E-9D02-459D-99E4-0D89271A048B}.Release|Any CPU.ActiveCfg = Release|Any CPU
		{E882613E-9D02-459D-99E4-0D89271A048B}.Release|Any CPU.Build.0 = Release|Any CPU
		{6E32CAD6-6AEE-4F73-833D-7D0F9AE6E6BB}.Debug|Any CPU.ActiveCfg = Debug|Any CPU
		{6E32CAD6-6AEE-4F73-833D-7D0F9AE6E6BB}.Debug|Any CPU.Build.0 = Debug|Any CPU
		{6E32CAD6-6AEE-4F73-833D-7D0F9AE6E6BB}.Release|Any CPU.ActiveCfg = Release|Any CPU
		{6E32CAD6-6AEE-4F73-833D-7D0F9AE6E6BB}.Release|Any CPU.Build.0 = Release|Any CPU
		{72CDD334-3FD6-4279-ADF7-886F412FB0E3}.Debug|Any CPU.ActiveCfg = Debug|Any CPU
		{72CDD334-3FD6-4279-ADF7-886F412FB0E3}.Debug|Any CPU.Build.0 = Debug|Any CPU
		{72CDD334-3FD6-4279-ADF7-886F412FB0E3}.Release|Any CPU.ActiveCfg = Release|Any CPU
		{72CDD334-3FD6-4279-ADF7-886F412FB0E3}.Release|Any CPU.Build.0 = Release|Any CPU
		{B487D630-8255-47B5-8F1A-51DC1E71A3C4}.Debug|Any CPU.ActiveCfg = Debug|Any CPU
		{B487D630-8255-47B5-8F1A-51DC1E71A3C4}.Debug|Any CPU.Build.0 = Debug|Any CPU
		{B487D630-8255-47B5-8F1A-51DC1E71A3C4}.Release|Any CPU.ActiveCfg = Release|Any CPU
		{B487D630-8255-47B5-8F1A-51DC1E71A3C4}.Release|Any CPU.Build.0 = Release|Any CPU
		{688B6097-E3B6-4018-9AE9-D61009B66537}.Debug|Any CPU.ActiveCfg = Debug|Any CPU
		{688B6097-E3B6-4018-9AE9-D61009B66537}.Debug|Any CPU.Build.0 = Debug|Any CPU
		{688B6097-E3B6-4018-9AE9-D61009B66537}.Release|Any CPU.ActiveCfg = Release|Any CPU
		{688B6097-E3B6-4018-9AE9-D61009B66537}.Release|Any CPU.Build.0 = Release|Any CPU
		{1806BAA2-92F9-4026-8E23-56611B77F5C1}.Debug|Any CPU.ActiveCfg = Debug|Any CPU
		{1806BAA2-92F9-4026-8E23-56611B77F5C1}.Debug|Any CPU.Build.0 = Debug|Any CPU
		{1806BAA2-92F9-4026-8E23-56611B77F5C1}.Release|Any CPU.ActiveCfg = Release|Any CPU
		{1806BAA2-92F9-4026-8E23-56611B77F5C1}.Release|Any CPU.Build.0 = Release|Any CPU
		{E8CD8123-C0C4-45F2-9F79-5A57D7F18303}.Debug|Any CPU.ActiveCfg = Debug|Any CPU
		{E8CD8123-C0C4-45F2-9F79-5A57D7F18303}.Debug|Any CPU.Build.0 = Debug|Any CPU
		{E8CD8123-C0C4-45F2-9F79-5A57D7F18303}.Release|Any CPU.ActiveCfg = Release|Any CPU
		{E8CD8123-C0C4-45F2-9F79-5A57D7F18303}.Release|Any CPU.Build.0 = Release|Any CPU
		{9E0B7282-A610-4EEF-8AE3-9DAB57B028DE}.Debug|Any CPU.ActiveCfg = Debug|Any CPU
		{9E0B7282-A610-4EEF-8AE3-9DAB57B028DE}.Debug|Any CPU.Build.0 = Debug|Any CPU
		{9E0B7282-A610-4EEF-8AE3-9DAB57B028DE}.Release|Any CPU.ActiveCfg = Release|Any CPU
		{9E0B7282-A610-4EEF-8AE3-9DAB57B028DE}.Release|Any CPU.Build.0 = Release|Any CPU
		{F6AD8132-39FF-4624-A049-483593370143}.Debug|Any CPU.ActiveCfg = Debug|Any CPU
		{F6AD8132-39FF-4624-A049-483593370143}.Debug|Any CPU.Build.0 = Debug|Any CPU
		{F6AD8132-39FF-4624-A049-483593370143}.Release|Any CPU.ActiveCfg = Release|Any CPU
		{F6AD8132-39FF-4624-A049-483593370143}.Release|Any CPU.Build.0 = Release|Any CPU
		{955044D3-1DBA-4434-B417-6BA3CDD7605D}.Debug|Any CPU.ActiveCfg = Debug|Any CPU
		{955044D3-1DBA-4434-B417-6BA3CDD7605D}.Debug|Any CPU.Build.0 = Debug|Any CPU
		{955044D3-1DBA-4434-B417-6BA3CDD7605D}.Release|Any CPU.ActiveCfg = Release|Any CPU
		{955044D3-1DBA-4434-B417-6BA3CDD7605D}.Release|Any CPU.Build.0 = Release|Any CPU
		{D35CEDD2-3EB8-4387-A687-B8B8B684411D}.Debug|Any CPU.ActiveCfg = Debug|Any CPU
		{D35CEDD2-3EB8-4387-A687-B8B8B684411D}.Debug|Any CPU.Build.0 = Debug|Any CPU
		{D35CEDD2-3EB8-4387-A687-B8B8B684411D}.Release|Any CPU.ActiveCfg = Release|Any CPU
		{D35CEDD2-3EB8-4387-A687-B8B8B684411D}.Release|Any CPU.Build.0 = Release|Any CPU
		{7DE344B7-6BE9-4848-AB3D-033F80038C2E}.Debug|Any CPU.ActiveCfg = Debug|Any CPU
		{7DE344B7-6BE9-4848-AB3D-033F80038C2E}.Debug|Any CPU.Build.0 = Debug|Any CPU
		{7DE344B7-6BE9-4848-AB3D-033F80038C2E}.Release|Any CPU.ActiveCfg = Release|Any CPU
		{7DE344B7-6BE9-4848-AB3D-033F80038C2E}.Release|Any CPU.Build.0 = Release|Any CPU
		{8ED95830-3531-4A5C-AEA8-09B042C6C2B3}.Debug|Any CPU.ActiveCfg = Debug|Any CPU
		{8ED95830-3531-4A5C-AEA8-09B042C6C2B3}.Debug|Any CPU.Build.0 = Debug|Any CPU
		{8ED95830-3531-4A5C-AEA8-09B042C6C2B3}.Release|Any CPU.ActiveCfg = Release|Any CPU
		{8ED95830-3531-4A5C-AEA8-09B042C6C2B3}.Release|Any CPU.Build.0 = Release|Any CPU
		{5AF717A4-42DE-4719-B155-9A60699CBB8A}.Debug|Any CPU.ActiveCfg = Debug|Any CPU
		{5AF717A4-42DE-4719-B155-9A60699CBB8A}.Debug|Any CPU.Build.0 = Debug|Any CPU
		{5AF717A4-42DE-4719-B155-9A60699CBB8A}.Release|Any CPU.ActiveCfg = Release|Any CPU
		{5AF717A4-42DE-4719-B155-9A60699CBB8A}.Release|Any CPU.Build.0 = Release|Any CPU
		{62DEC880-20AA-4963-900D-2BE258200F7F}.Debug|Any CPU.ActiveCfg = Debug|Any CPU
		{62DEC880-20AA-4963-900D-2BE258200F7F}.Debug|Any CPU.Build.0 = Debug|Any CPU
		{62DEC880-20AA-4963-900D-2BE258200F7F}.Release|Any CPU.ActiveCfg = Release|Any CPU
		{62DEC880-20AA-4963-900D-2BE258200F7F}.Release|Any CPU.Build.0 = Release|Any CPU
	EndGlobalSection
	GlobalSection(SolutionProperties) = preSolution
		HideSolutionNode = FALSE
	EndGlobalSection
	GlobalSection(ExtensibilityGlobals) = postSolution
		SolutionGuid = {EC92A4DB-75D4-4707-877B-D81F9C7B6554}
	EndGlobalSection
EndGlobal
