
Microsoft Visual Studio Solution File, Format Version 12.00
# Visual Studio Version 16
VisualStudioVersion = 16.0.30503.244
MinimumVisualStudioVersion = 10.0.40219.1
Project("{9A19103F-16F7-4668-BE54-9A1E7A4F7556}") = "BaiTap1", "BaiTap1\BaiTap1.csproj", "{37236AFA-3BE7-43C9-98CD-0DC8F8AF6CDC}"
EndProject
Project("{9A19103F-16F7-4668-BE54-9A1E7A4F7556}") = "BaiTap2", "BaiTap2\BaiTap2.csproj", "{B6CD8D98-DD5C-4E23-A7E0-244959685CBE}"
EndProject
Project("{9A19103F-16F7-4668-BE54-9A1E7A4F7556}") = "BaiTap3", "BaiTap3\BaiTap3.csproj", "{2FA0C6F5-1ADF-4FF7-BC1F-CDEB6C0EE184}"
EndProject
Project("{FAE04EC0-301F-11D3-BF4B-00C04F79EFBC}") = "BaiTap4", "BaiTap4\BaiTap4.csproj", "{1D3374B5-9757-4C8E-B9BD-7F4E48ADD8BE}"
EndProject
Global
	GlobalSection(SolutionConfigurationPlatforms) = preSolution
		Debug|Any CPU = Debug|Any CPU
		Release|Any CPU = Release|Any CPU
	EndGlobalSection
	GlobalSection(ProjectConfigurationPlatforms) = postSolution
		{37236AFA-3BE7-43C9-98CD-0DC8F8AF6CDC}.Debug|Any CPU.ActiveCfg = Debug|Any CPU
		{37236AFA-3BE7-43C9-98CD-0DC8F8AF6CDC}.Debug|Any CPU.Build.0 = Debug|Any CPU
		{37236AFA-3BE7-43C9-98CD-0DC8F8AF6CDC}.Release|Any CPU.ActiveCfg = Release|Any CPU
		{37236AFA-3BE7-43C9-98CD-0DC8F8AF6CDC}.Release|Any CPU.Build.0 = Release|Any CPU
		{B6CD8D98-DD5C-4E23-A7E0-244959685CBE}.Debug|Any CPU.ActiveCfg = Debug|Any CPU
		{B6CD8D98-DD5C-4E23-A7E0-244959685CBE}.Debug|Any CPU.Build.0 = Debug|Any CPU
		{B6CD8D98-DD5C-4E23-A7E0-244959685CBE}.Release|Any CPU.ActiveCfg = Release|Any CPU
		{B6CD8D98-DD5C-4E23-A7E0-244959685CBE}.Release|Any CPU.Build.0 = Release|Any CPU
		{2FA0C6F5-1ADF-4FF7-BC1F-CDEB6C0EE184}.Debug|Any CPU.ActiveCfg = Debug|Any CPU
		{2FA0C6F5-1ADF-4FF7-BC1F-CDEB6C0EE184}.Debug|Any CPU.Build.0 = Debug|Any CPU
		{2FA0C6F5-1ADF-4FF7-BC1F-CDEB6C0EE184}.Release|Any CPU.ActiveCfg = Release|Any CPU
		{2FA0C6F5-1ADF-4FF7-BC1F-CDEB6C0EE184}.Release|Any CPU.Build.0 = Release|Any CPU
		{1D3374B5-9757-4C8E-B9BD-7F4E48ADD8BE}.Debug|Any CPU.ActiveCfg = Debug|Any CPU
		{1D3374B5-9757-4C8E-B9BD-7F4E48ADD8BE}.Debug|Any CPU.Build.0 = Debug|Any CPU
		{1D3374B5-9757-4C8E-B9BD-7F4E48ADD8BE}.Release|Any CPU.ActiveCfg = Release|Any CPU
		{1D3374B5-9757-4C8E-B9BD-7F4E48ADD8BE}.Release|Any CPU.Build.0 = Release|Any CPU
	EndGlobalSection
	GlobalSection(SolutionProperties) = preSolution
		HideSolutionNode = FALSE
	EndGlobalSection
	GlobalSection(ExtensibilityGlobals) = postSolution
		SolutionGuid = {E417FF15-B8EB-40F0-9ADA-639455387220}
	EndGlobalSection
EndGlobal
