
Microsoft Visual Studio Solution File, Format Version 12.00
# Visual Studio Version 16
VisualStudioVersion = 16.0.30503.244
MinimumVisualStudioVersion = 10.0.40219.1
Project("{FAE04EC0-301F-11D3-BF4B-00C04F79EFBC}") = "BaiTap6", "BaiTap6\BaiTap6.csproj", "{365499C1-56EE-43C8-A06F-239CCE10250A}"
EndProject
Global
	GlobalSection(SolutionConfigurationPlatforms) = preSolution
		Debug|Any CPU = Debug|Any CPU
		Release|Any CPU = Release|Any CPU
	EndGlobalSection
	GlobalSection(ProjectConfigurationPlatforms) = postSolution
		{365499C1-56EE-43C8-A06F-239CCE10250A}.Debug|Any CPU.ActiveCfg = Debug|Any CPU
		{365499C1-56EE-43C8-A06F-239CCE10250A}.Debug|Any CPU.Build.0 = Debug|Any CPU
		{365499C1-56EE-43C8-A06F-239CCE10250A}.Release|Any CPU.ActiveCfg = Release|Any CPU
		{365499C1-56EE-43C8-A06F-239CCE10250A}.Release|Any CPU.Build.0 = Release|Any CPU
	EndGlobalSection
	GlobalSection(SolutionProperties) = preSolution
		HideSolutionNode = FALSE
	EndGlobalSection
	GlobalSection(ExtensibilityGlobals) = postSolution
		SolutionGuid = {CF197B98-F8A7-4B60-9005-EC82567B592E}
	EndGlobalSection
EndGlobal
